
Microsoft Visual Studio Solution File, Format Version 12.00
# Visual Studio Version 17
VisualStudioVersion = 17.6.33829.357
MinimumVisualStudioVersion = 10.0.40219.1
Project("{FAE04EC0-301F-11D3-BF4B-00C04F79EFBC}") = "ConsoleAppCert", "ConsoleAppCert\ConsoleAppCert.csproj", "{78AC6FB0-FFCE-4110-AC1B-348FFC940C98}"
EndProject
Global
	GlobalSection(SolutionConfigurationPlatforms) = preSolution
		Debug|Any CPU = Debug|Any CPU
		Release|Any CPU = Release|Any CPU
	EndGlobalSection
	GlobalSection(ProjectConfigurationPlatforms) = postSolution
		{78AC6FB0-FFCE-4110-AC1B-348FFC940C98}.Debug|Any CPU.ActiveCfg = Debug|Any CPU
		{78AC6FB0-FFCE-4110-AC1B-348FFC940C98}.Debug|Any CPU.Build.0 = Debug|Any CPU
		{78AC6FB0-FFCE-4110-AC1B-348FFC940C98}.Release|Any CPU.ActiveCfg = Release|Any CPU
		{78AC6FB0-FFCE-4110-AC1B-348FFC940C98}.Release|Any CPU.Build.0 = Release|Any CPU
	EndGlobalSection
	GlobalSection(SolutionProperties) = preSolution
		HideSolutionNode = FALSE
	EndGlobalSection
	GlobalSection(ExtensibilityGlobals) = postSolution
		SolutionGuid = {65E2E02B-C5D8-4B55-852F-6A0590E8BBB1}
	EndGlobalSection
EndGlobal
